
Microsoft Visual Studio Solution File, Format Version 12.00
# Visual Studio 15
VisualStudioVersion = 15.0.28307.168
MinimumVisualStudioVersion = 10.0.40219.1
Project("{FAE04EC0-301F-11D3-BF4B-00C04F79EFBC}") = "Day6", "Day6\Day6.csproj", "{7FBC4EA1-BA05-4955-8CA2-D5C031536144}"
EndProject
Global
	GlobalSection(SolutionConfigurationPlatforms) = preSolution
		Debug|Any CPU = Debug|Any CPU
		Release|Any CPU = Release|Any CPU
	EndGlobalSection
	GlobalSection(ProjectConfigurationPlatforms) = postSolution
		{7FBC4EA1-BA05-4955-8CA2-D5C031536144}.Debug|Any CPU.ActiveCfg = Debug|Any CPU
		{7FBC4EA1-BA05-4955-8CA2-D5C031536144}.Debug|Any CPU.Build.0 = Debug|Any CPU
		{7FBC4EA1-BA05-4955-8CA2-D5C031536144}.Release|Any CPU.ActiveCfg = Release|Any CPU
		{7FBC4EA1-BA05-4955-8CA2-D5C031536144}.Release|Any CPU.Build.0 = Release|Any CPU
	EndGlobalSection
	GlobalSection(SolutionProperties) = preSolution
		HideSolutionNode = FALSE
	EndGlobalSection
	GlobalSection(ExtensibilityGlobals) = postSolution
		SolutionGuid = {CF71C32E-6155-4DC1-BC39-26680768952C}
	EndGlobalSection
EndGlobal
