
Microsoft Visual Studio Solution File, Format Version 12.00
# Visual Studio 15
VisualStudioVersion = 15.0.28307.168
MinimumVisualStudioVersion = 10.0.40219.1
Project("{FAE04EC0-301F-11D3-BF4B-00C04F79EFBC}") = "Day7_8", "Day7_8\Day7_8.csproj", "{90726EC3-AE74-4B2E-B716-B152BF3D9AB8}"
EndProject
Global
	GlobalSection(SolutionConfigurationPlatforms) = preSolution
		Debug|Any CPU = Debug|Any CPU
		Release|Any CPU = Release|Any CPU
	EndGlobalSection
	GlobalSection(ProjectConfigurationPlatforms) = postSolution
		{90726EC3-AE74-4B2E-B716-B152BF3D9AB8}.Debug|Any CPU.ActiveCfg = Debug|Any CPU
		{90726EC3-AE74-4B2E-B716-B152BF3D9AB8}.Debug|Any CPU.Build.0 = Debug|Any CPU
		{90726EC3-AE74-4B2E-B716-B152BF3D9AB8}.Release|Any CPU.ActiveCfg = Release|Any CPU
		{90726EC3-AE74-4B2E-B716-B152BF3D9AB8}.Release|Any CPU.Build.0 = Release|Any CPU
	EndGlobalSection
	GlobalSection(SolutionProperties) = preSolution
		HideSolutionNode = FALSE
	EndGlobalSection
	GlobalSection(ExtensibilityGlobals) = postSolution
		SolutionGuid = {B9CA4E36-E8A6-4606-ABC7-FE98E95E0DDB}
	EndGlobalSection
EndGlobal
